
Microsoft Visual Studio Solution File, Format Version 12.00
# Visual Studio Version 17
VisualStudioVersion = 17.5.33502.453
MinimumVisualStudioVersion = 10.0.40219.1
Project("{FAE04EC0-301F-11D3-BF4B-00C04F79EFBC}") = "WindowsFormsApp3", "WindowsFormsApp3.csproj", "{87A11827-CEB2-4CFF-95BE-1ED8AA0D63A8}"
EndProject
Global
	GlobalSection(SolutionConfigurationPlatforms) = preSolution
		Debug|Any CPU = Debug|Any CPU
		Release|Any CPU = Release|Any CPU
	EndGlobalSection
	GlobalSection(ProjectConfigurationPlatforms) = postSolution
		{87A11827-CEB2-4CFF-95BE-1ED8AA0D63A8}.Debug|Any CPU.ActiveCfg = Debug|Any CPU
		{87A11827-CEB2-4CFF-95BE-1ED8AA0D63A8}.Debug|Any CPU.Build.0 = Debug|Any CPU
		{87A11827-CEB2-4CFF-95BE-1ED8AA0D63A8}.Release|Any CPU.ActiveCfg = Release|Any CPU
		{87A11827-CEB2-4CFF-95BE-1ED8AA0D63A8}.Release|Any CPU.Build.0 = Release|Any CPU
	EndGlobalSection
	GlobalSection(SolutionProperties) = preSolution
		HideSolutionNode = FALSE
	EndGlobalSection
	GlobalSection(ExtensibilityGlobals) = postSolution
		SolutionGuid = {90ABF68D-CE9B-4C98-9D73-47CAAEF2F792}
	EndGlobalSection
EndGlobal
